// !$*UTF8*$!
{
	archiveVersion = 1;
	classes = {
	};
	objectVersion = 51;
	objects = {

/* Begin PBXBuildFile section */
		20602EE123D7E48000203DB8 /* AppDelegate.swift in Sources */ = {isa = PBXBuildFile; fileRef = 20602EE023D7E48000203DB8 /* AppDelegate.swift */; };
		20602EE523D7E48000203DB8 /* LoginViewController.swift in Sources */ = {isa = PBXBuildFile; fileRef = 20602EE423D7E48000203DB8 /* LoginViewController.swift */; };
		20602EE823D7E48000203DB8 /* Main.storyboard in Resources */ = {isa = PBXBuildFile; fileRef = 20602EE623D7E48000203DB8 /* Main.storyboard */; };
		20602EEA23D7E48300203DB8 /* Assets.xcassets in Resources */ = {isa = PBXBuildFile; fileRef = 20602EE923D7E48300203DB8 /* Assets.xcassets */; };
		20602EED23D7E48300203DB8 /* LaunchScreen.storyboard in Resources */ = {isa = PBXBuildFile; fileRef = 20602EEB23D7E48300203DB8 /* LaunchScreen.storyboard */; };
		20602F0423D7F6EB00203DB8 /* Flower.swift in Sources */ = {isa = PBXBuildFile; fileRef = 20602F0323D7F6EB00203DB8 /* Flower.swift */; };
		20602F0623D7F6F200203DB8 /* User.swift in Sources */ = {isa = PBXBuildFile; fileRef = 20602F0523D7F6F200203DB8 /* User.swift */; };
		20602F0923D8184B00203DB8 /* BaseViewModel.swift in Sources */ = {isa = PBXBuildFile; fileRef = 20602F0823D8184B00203DB8 /* BaseViewModel.swift */; };
		20602F0B23D8189500203DB8 /* ViewModelViewController.swift in Sources */ = {isa = PBXBuildFile; fileRef = 20602F0A23D8189500203DB8 /* ViewModelViewController.swift */; };
		20602F0D23D81BA500203DB8 /* LoginViewModel.swift in Sources */ = {isa = PBXBuildFile; fileRef = 20602F0C23D81BA500203DB8 /* LoginViewModel.swift */; };
		20602F1223D81CFC00203DB8 /* Validator.swift in Sources */ = {isa = PBXBuildFile; fileRef = 20602F1123D81CFC00203DB8 /* Validator.swift */; };
		20B8E2ED23D83ED2000FA789 /* RestfulApi.swift in Sources */ = {isa = PBXBuildFile; fileRef = 20B8E2EC23D83ED2000FA789 /* RestfulApi.swift */; };
		20B8E2EF23D84BD5000FA789 /* RestfulApiProtocol.swift in Sources */ = {isa = PBXBuildFile; fileRef = 20B8E2EE23D84BD5000FA789 /* RestfulApiProtocol.swift */; };
		20B8E2F123D84FC4000FA789 /* FlowerAPI.swift in Sources */ = {isa = PBXBuildFile; fileRef = 20B8E2F023D84FC4000FA789 /* FlowerAPI.swift */; };
		2C29D3C44762886B43FA670E /* Pods_MVVMC.framework in Frameworks */ = {isa = PBXBuildFile; fileRef = EF0958776E971DBFF12D4333 /* Pods_MVVMC.framework */; };
/* End PBXBuildFile section */

/* Begin PBXFileReference section */
		1F18CD74A1A2061BBB95CCC2 /* Pods-MVVMC.debug.xcconfig */ = {isa = PBXFileReference; includeInIndex = 1; lastKnownFileType = text.xcconfig; name = "Pods-MVVMC.debug.xcconfig"; path = "Target Support Files/Pods-MVVMC/Pods-MVVMC.debug.xcconfig"; sourceTree = "<group>"; };
		20602EDE23D7E48000203DB8 /* MVVMC.app */ = {isa = PBXFileReference; explicitFileType = wrapper.application; includeInIndex = 0; path = MVVMC.app; sourceTree = BUILT_PRODUCTS_DIR; };
		20602EE023D7E48000203DB8 /* AppDelegate.swift */ = {isa = PBXFileReference; lastKnownFileType = sourcecode.swift; path = AppDelegate.swift; sourceTree = "<group>"; };
		20602EE423D7E48000203DB8 /* LoginViewController.swift */ = {isa = PBXFileReference; lastKnownFileType = sourcecode.swift; path = LoginViewController.swift; sourceTree = "<group>"; };
		20602EE723D7E48000203DB8 /* Base */ = {isa = PBXFileReference; lastKnownFileType = file.storyboard; name = Base; path = Base.lproj/Main.storyboard; sourceTree = "<group>"; };
		20602EE923D7E48300203DB8 /* Assets.xcassets */ = {isa = PBXFileReference; lastKnownFileType = folder.assetcatalog; path = Assets.xcassets; sourceTree = "<group>"; };
		20602EEC23D7E48300203DB8 /* Base */ = {isa = PBXFileReference; lastKnownFileType = file.storyboard; name = Base; path = Base.lproj/LaunchScreen.storyboard; sourceTree = "<group>"; };
		20602EEE23D7E48300203DB8 /* Info.plist */ = {isa = PBXFileReference; lastKnownFileType = text.plist.xml; path = Info.plist; sourceTree = "<group>"; };
		20602F0323D7F6EB00203DB8 /* Flower.swift */ = {isa = PBXFileReference; lastKnownFileType = sourcecode.swift; path = Flower.swift; sourceTree = "<group>"; };
		20602F0523D7F6F200203DB8 /* User.swift */ = {isa = PBXFileReference; lastKnownFileType = sourcecode.swift; path = User.swift; sourceTree = "<group>"; };
		20602F0823D8184B00203DB8 /* BaseViewModel.swift */ = {isa = PBXFileReference; lastKnownFileType = sourcecode.swift; path = BaseViewModel.swift; sourceTree = "<group>"; };
		20602F0A23D8189500203DB8 /* ViewModelViewController.swift */ = {isa = PBXFileReference; lastKnownFileType = sourcecode.swift; path = ViewModelViewController.swift; sourceTree = "<group>"; };
		20602F0C23D81BA500203DB8 /* LoginViewModel.swift */ = {isa = PBXFileReference; lastKnownFileType = sourcecode.swift; path = LoginViewModel.swift; sourceTree = "<group>"; };
		20602F1123D81CFC00203DB8 /* Validator.swift */ = {isa = PBXFileReference; fileEncoding = 4; lastKnownFileType = sourcecode.swift; path = Validator.swift; sourceTree = "<group>"; };
		20B8E2EC23D83ED2000FA789 /* RestfulApi.swift */ = {isa = PBXFileReference; lastKnownFileType = sourcecode.swift; path = RestfulApi.swift; sourceTree = "<group>"; };
		20B8E2EE23D84BD5000FA789 /* RestfulApiProtocol.swift */ = {isa = PBXFileReference; lastKnownFileType = sourcecode.swift; path = RestfulApiProtocol.swift; sourceTree = "<group>"; };
		20B8E2F023D84FC4000FA789 /* FlowerAPI.swift */ = {isa = PBXFileReference; lastKnownFileType = sourcecode.swift; path = FlowerAPI.swift; sourceTree = "<group>"; };
		948FDF74A533CE99CA615DF8 /* Pods-MVVMC.release.xcconfig */ = {isa = PBXFileReference; includeInIndex = 1; lastKnownFileType = text.xcconfig; name = "Pods-MVVMC.release.xcconfig"; path = "Target Support Files/Pods-MVVMC/Pods-MVVMC.release.xcconfig"; sourceTree = "<group>"; };
		EF0958776E971DBFF12D4333 /* Pods_MVVMC.framework */ = {isa = PBXFileReference; explicitFileType = wrapper.framework; includeInIndex = 0; path = Pods_MVVMC.framework; sourceTree = BUILT_PRODUCTS_DIR; };
/* End PBXFileReference section */

/* Begin PBXFrameworksBuildPhase section */
		20602EDB23D7E48000203DB8 /* Frameworks */ = {
			isa = PBXFrameworksBuildPhase;
			buildActionMask = 2147483647;
			files = (
				2C29D3C44762886B43FA670E /* Pods_MVVMC.framework in Frameworks */,
			);
			runOnlyForDeploymentPostprocessing = 0;
		};
/* End PBXFrameworksBuildPhase section */

/* Begin PBXGroup section */
		20602EBA23D7E43C00203DB8 = {
			isa = PBXGroup;
			children = (
				20602EDF23D7E48000203DB8 /* MVVMC */,
				20602EC423D7E43C00203DB8 /* Products */,
				D120446AF96B065A67ADEB42 /* Pods */,
				B7F3072E11B4E4026C74BF55 /* Frameworks */,
			);
			sourceTree = "<group>";
		};
		20602EC423D7E43C00203DB8 /* Products */ = {
			isa = PBXGroup;
			children = (
				20602EDE23D7E48000203DB8 /* MVVMC.app */,
			);
			name = Products;
			sourceTree = "<group>";
		};
		20602EDF23D7E48000203DB8 /* MVVMC */ = {
			isa = PBXGroup;
			children = (
				20602EE023D7E48000203DB8 /* AppDelegate.swift */,
				20602F0723D7F81C00203DB8 /* Base */,
				20602EFF23D7F43100203DB8 /* Model */,
				20602F0E23D81C3800203DB8 /* Modules */,
				20602F0F23D81CAB00203DB8 /* Networking */,
				20602F1023D81CBE00203DB8 /* ThirdPart */,
				20602EFD23D7F3E600203DB8 /* Supporting Files */,
			);
			path = MVVMC;
			sourceTree = "<group>";
		};
		20602EFD23D7F3E600203DB8 /* Supporting Files */ = {
			isa = PBXGroup;
			children = (
				20602EEE23D7E48300203DB8 /* Info.plist */,
				20602EE923D7E48300203DB8 /* Assets.xcassets */,
				20602EE623D7E48000203DB8 /* Main.storyboard */,
				20602EEB23D7E48300203DB8 /* LaunchScreen.storyboard */,
			);
			name = "Supporting Files";
			sourceTree = "<group>";
		};
		20602EFE23D7F41200203DB8 /* Login */ = {
			isa = PBXGroup;
			children = (
				20602EE423D7E48000203DB8 /* LoginViewController.swift */,
				20602F0C23D81BA500203DB8 /* LoginViewModel.swift */,
			);
			path = Login;
			sourceTree = "<group>";
		};
		20602EFF23D7F43100203DB8 /* Model */ = {
			isa = PBXGroup;
			children = (
				20602F0323D7F6EB00203DB8 /* Flower.swift */,
				20602F0523D7F6F200203DB8 /* User.swift */,
			);
			path = Model;
			sourceTree = "<group>";
		};
		20602F0023D7F53800203DB8 /* FlowerList */ = {
			isa = PBXGroup;
			children = (
			);
			path = FlowerList;
			sourceTree = "<group>";
		};
		20602F0123D7F66900203DB8 /* FlowerDetail */ = {
			isa = PBXGroup;
			children = (
			);
			path = FlowerDetail;
			sourceTree = "<group>";
		};
		20602F0223D7F6CD00203DB8 /* FlowerSearch */ = {
			isa = PBXGroup;
			children = (
			);
			path = FlowerSearch;
			sourceTree = "<group>";
		};
		20602F0723D7F81C00203DB8 /* Base */ = {
			isa = PBXGroup;
			children = (
				20602F0823D8184B00203DB8 /* BaseViewModel.swift */,
				20602F0A23D8189500203DB8 /* ViewModelViewController.swift */,
			);
			path = Base;
			sourceTree = "<group>";
		};
		20602F0E23D81C3800203DB8 /* Modules */ = {
			isa = PBXGroup;
			children = (
				20602EFE23D7F41200203DB8 /* Login */,
				20602F0023D7F53800203DB8 /* FlowerList */,
				20602F0223D7F6CD00203DB8 /* FlowerSearch */,
				20602F0123D7F66900203DB8 /* FlowerDetail */,
			);
			path = Modules;
			sourceTree = "<group>";
		};
		20602F0F23D81CAB00203DB8 /* Networking */ = {
			isa = PBXGroup;
			children = (
				20B8E2EE23D84BD5000FA789 /* RestfulApiProtocol.swift */,
				20B8E2EC23D83ED2000FA789 /* RestfulApi.swift */,
				20B8E2F023D84FC4000FA789 /* FlowerAPI.swift */,
			);
			path = Networking;
			sourceTree = "<group>";
		};
		20602F1023D81CBE00203DB8 /* ThirdPart */ = {
			isa = PBXGroup;
			children = (
				20602F1123D81CFC00203DB8 /* Validator.swift */,
			);
			path = ThirdPart;
			sourceTree = "<group>";
		};
		B7F3072E11B4E4026C74BF55 /* Frameworks */ = {
			isa = PBXGroup;
			children = (
				EF0958776E971DBFF12D4333 /* Pods_MVVMC.framework */,
			);
			name = Frameworks;
			sourceTree = "<group>";
		};
		D120446AF96B065A67ADEB42 /* Pods */ = {
			isa = PBXGroup;
			children = (
				1F18CD74A1A2061BBB95CCC2 /* Pods-MVVMC.debug.xcconfig */,
				948FDF74A533CE99CA615DF8 /* Pods-MVVMC.release.xcconfig */,
			);
			path = Pods;
			sourceTree = "<group>";
		};
/* End PBXGroup section */

/* Begin PBXNativeTarget section */
		20602EDD23D7E48000203DB8 /* MVVMC */ = {
			isa = PBXNativeTarget;
			buildConfigurationList = 20602EF123D7E48300203DB8 /* Build configuration list for PBXNativeTarget "MVVMC" */;
			buildPhases = (
				D55CECF476AA3DF0A462EDA8 /* [CP] Check Pods Manifest.lock */,
				20602EDA23D7E48000203DB8 /* Sources */,
				20602EDB23D7E48000203DB8 /* Frameworks */,
				20602EDC23D7E48000203DB8 /* Resources */,
				F23161B84C82D8C1233FA42F /* [CP] Embed Pods Frameworks */,
			);
			buildRules = (
			);
			dependencies = (
			);
			name = MVVMC;
			productName = MVVMC;
			productReference = 20602EDE23D7E48000203DB8 /* MVVMC.app */;
			productType = "com.apple.product-type.application";
		};
/* End PBXNativeTarget section */

/* Begin PBXProject section */
		20602EBB23D7E43C00203DB8 /* Project object */ = {
			isa = PBXProject;
			attributes = {
				LastSwiftUpdateCheck = 1130;
				LastUpgradeCheck = 1130;
				ORGANIZATIONNAME = "Evan Xie";
				TargetAttributes = {
					20602EDD23D7E48000203DB8 = {
						CreatedOnToolsVersion = 11.3.1;
					};
				};
			};
			buildConfigurationList = 20602EBE23D7E43C00203DB8 /* Build configuration list for PBXProject "MVVMC" */;
			compatibilityVersion = "Xcode 9.3";
			developmentRegion = en;
			hasScannedForEncodings = 0;
			knownRegions = (
				en,
				Base,
			);
			mainGroup = 20602EBA23D7E43C00203DB8;
			productRefGroup = 20602EC423D7E43C00203DB8 /* Products */;
			projectDirPath = "";
			projectRoot = "";
			targets = (
				20602EDD23D7E48000203DB8 /* MVVMC */,
			);
		};
/* End PBXProject section */

/* Begin PBXResourcesBuildPhase section */
		20602EDC23D7E48000203DB8 /* Resources */ = {
			isa = PBXResourcesBuildPhase;
			buildActionMask = 2147483647;
			files = (
				20602EED23D7E48300203DB8 /* LaunchScreen.storyboard in Resources */,
				20602EEA23D7E48300203DB8 /* Assets.xcassets in Resources */,
				20602EE823D7E48000203DB8 /* Main.storyboard in Resources */,
			);
			runOnlyForDeploymentPostprocessing = 0;
		};
/* End PBXResourcesBuildPhase section */

/* Begin PBXShellScriptBuildPhase section */
		D55CECF476AA3DF0A462EDA8 /* [CP] Check Pods Manifest.lock */ = {
			isa = PBXShellScriptBuildPhase;
			buildActionMask = 2147483647;
			files = (
			);
			inputFileListPaths = (
			);
			inputPaths = (
				"${PODS_PODFILE_DIR_PATH}/Podfile.lock",
				"${PODS_ROOT}/Manifest.lock",
			);
			name = "[CP] Check Pods Manifest.lock";
			outputFileListPaths = (
			);
			outputPaths = (
				"$(DERIVED_FILE_DIR)/Pods-MVVMC-checkManifestLockResult.txt",
			);
			runOnlyForDeploymentPostprocessing = 0;
			shellPath = /bin/sh;
			shellScript = "diff \"${PODS_PODFILE_DIR_PATH}/Podfile.lock\" \"${PODS_ROOT}/Manifest.lock\" > /dev/null\nif [ $? != 0 ] ; then\n    # print error to STDERR\n    echo \"error: The sandbox is not in sync with the Podfile.lock. Run 'pod install' or update your CocoaPods installation.\" >&2\n    exit 1\nfi\n# This output is used by Xcode 'outputs' to avoid re-running this script phase.\necho \"SUCCESS\" > \"${SCRIPT_OUTPUT_FILE_0}\"\n";
			showEnvVarsInLog = 0;
		};
		F23161B84C82D8C1233FA42F /* [CP] Embed Pods Frameworks */ = {
			isa = PBXShellScriptBuildPhase;
			buildActionMask = 2147483647;
			files = (
			);
			inputFileListPaths = (
				"${PODS_ROOT}/Target Support Files/Pods-MVVMC/Pods-MVVMC-frameworks-${CONFIGURATION}-input-files.xcfilelist",
			);
			name = "[CP] Embed Pods Frameworks";
			outputFileListPaths = (
				"${PODS_ROOT}/Target Support Files/Pods-MVVMC/Pods-MVVMC-frameworks-${CONFIGURATION}-output-files.xcfilelist",
			);
			runOnlyForDeploymentPostprocessing = 0;
			shellPath = /bin/sh;
			shellScript = "\"${PODS_ROOT}/Target Support Files/Pods-MVVMC/Pods-MVVMC-frameworks.sh\"\n";
			showEnvVarsInLog = 0;
		};
/* End PBXShellScriptBuildPhase section */

/* Begin PBXSourcesBuildPhase section */
		20602EDA23D7E48000203DB8 /* Sources */ = {
			isa = PBXSourcesBuildPhase;
			buildActionMask = 2147483647;
			files = (
				20B8E2F123D84FC4000FA789 /* FlowerAPI.swift in Sources */,
				20602EE523D7E48000203DB8 /* LoginViewController.swift in Sources */,
				20602F1223D81CFC00203DB8 /* Validator.swift in Sources */,
				20602EE123D7E48000203DB8 /* AppDelegate.swift in Sources */,
				20602F0B23D8189500203DB8 /* ViewModelViewController.swift in Sources */,
				20602F0423D7F6EB00203DB8 /* Flower.swift in Sources */,
				20602F0D23D81BA500203DB8 /* LoginViewModel.swift in Sources */,
				20602F0623D7F6F200203DB8 /* User.swift in Sources */,
				20B8E2EF23D84BD5000FA789 /* RestfulApiProtocol.swift in Sources */,
				20B8E2ED23D83ED2000FA789 /* RestfulApi.swift in Sources */,
				20602F0923D8184B00203DB8 /* BaseViewModel.swift in Sources */,
			);
			runOnlyForDeploymentPostprocessing = 0;
		};
/* End PBXSourcesBuildPhase section */

/* Begin PBXVariantGroup section */
		20602EE623D7E48000203DB8 /* Main.storyboard */ = {
			isa = PBXVariantGroup;
			children = (
				20602EE723D7E48000203DB8 /* Base */,
			);
			name = Main.storyboard;
			sourceTree = "<group>";
		};
		20602EEB23D7E48300203DB8 /* LaunchScreen.storyboard */ = {
			isa = PBXVariantGroup;
			children = (
				20602EEC23D7E48300203DB8 /* Base */,
			);
			name = LaunchScreen.storyboard;
			sourceTree = "<group>";
		};
/* End PBXVariantGroup section */

/* Begin XCBuildConfiguration section */
		20602ED523D7E44000203DB8 /* Debug */ = {
			isa = XCBuildConfiguration;
			buildSettings = {
				ALWAYS_SEARCH_USER_PATHS = NO;
				CLANG_ANALYZER_NONNULL = YES;
				CLANG_ANALYZER_NUMBER_OBJECT_CONVERSION = YES_AGGRESSIVE;
				CLANG_CXX_LANGUAGE_STANDARD = "gnu++14";
				CLANG_CXX_LIBRARY = "libc++";
				CLANG_ENABLE_MODULES = YES;
				CLANG_ENABLE_OBJC_ARC = YES;
				CLANG_ENABLE_OBJC_WEAK = YES;
				CLANG_WARN_BLOCK_CAPTURE_AUTORELEASING = YES;
				CLANG_WARN_BOOL_CONVERSION = YES;
				CLANG_WARN_COMMA = YES;
				CLANG_WARN_CONSTANT_CONVERSION = YES;
				CLANG_WARN_DEPRECATED_OBJC_IMPLEMENTATIONS = YES;
				CLANG_WARN_DIRECT_OBJC_ISA_USAGE = YES_ERROR;
				CLANG_WARN_DOCUMENTATION_COMMENTS = YES;
				CLANG_WARN_EMPTY_BODY = YES;
				CLANG_WARN_ENUM_CONVERSION = YES;
				CLANG_WARN_INFINITE_RECURSION = YES;
				CLANG_WARN_INT_CONVERSION = YES;
				CLANG_WARN_NON_LITERAL_NULL_CONVERSION = YES;
				CLANG_WARN_OBJC_IMPLICIT_RETAIN_SELF = YES;
				CLANG_WARN_OBJC_LITERAL_CONVERSION = YES;
				CLANG_WARN_OBJC_ROOT_CLASS = YES_ERROR;
				CLANG_WARN_RANGE_LOOP_ANALYSIS = YES;
				CLANG_WARN_STRICT_PROTOTYPES = YES;
				CLANG_WARN_SUSPICIOUS_MOVE = YES;
				CLANG_WARN_UNGUARDED_AVAILABILITY = YES_AGGRESSIVE;
				CLANG_WARN_UNREACHABLE_CODE = YES;
				CLANG_WARN__DUPLICATE_METHOD_MATCH = YES;
				COPY_PHASE_STRIP = NO;
				DEBUG_INFORMATION_FORMAT = dwarf;
				ENABLE_STRICT_OBJC_MSGSEND = YES;
				ENABLE_TESTABILITY = YES;
				GCC_C_LANGUAGE_STANDARD = gnu11;
				GCC_DYNAMIC_NO_PIC = NO;
				GCC_NO_COMMON_BLOCKS = YES;
				GCC_OPTIMIZATION_LEVEL = 0;
				GCC_PREPROCESSOR_DEFINITIONS = (
					"DEBUG=1",
					"$(inherited)",
				);
				GCC_WARN_64_TO_32_BIT_CONVERSION = YES;
				GCC_WARN_ABOUT_RETURN_TYPE = YES_ERROR;
				GCC_WARN_UNDECLARED_SELECTOR = YES;
				GCC_WARN_UNINITIALIZED_AUTOS = YES_AGGRESSIVE;
				GCC_WARN_UNUSED_FUNCTION = YES;
				GCC_WARN_UNUSED_VARIABLE = YES;
				IPHONEOS_DEPLOYMENT_TARGET = 13.2;
				MTL_ENABLE_DEBUG_INFO = INCLUDE_SOURCE;
				MTL_FAST_MATH = YES;
				ONLY_ACTIVE_ARCH = YES;
				SDKROOT = iphoneos;
				SWIFT_ACTIVE_COMPILATION_CONDITIONS = DEBUG;
				SWIFT_OPTIMIZATION_LEVEL = "-Onone";
			};
			name = Debug;
		};
		20602ED623D7E44000203DB8 /* Release */ = {
			isa = XCBuildConfiguration;
			buildSettings = {
				ALWAYS_SEARCH_USER_PATHS = NO;
				CLANG_ANALYZER_NONNULL = YES;
				CLANG_ANALYZER_NUMBER_OBJECT_CONVERSION = YES_AGGRESSIVE;
				CLANG_CXX_LANGUAGE_STANDARD = "gnu++14";
				CLANG_CXX_LIBRARY = "libc++";
				CLANG_ENABLE_MODULES = YES;
				CLANG_ENABLE_OBJC_ARC = YES;
				CLANG_ENABLE_OBJC_WEAK = YES;
				CLANG_WARN_BLOCK_CAPTURE_AUTORELEASING = YES;
				CLANG_WARN_BOOL_CONVERSION = YES;
				CLANG_WARN_COMMA = YES;
				CLANG_WARN_CONSTANT_CONVERSION = YES;
				CLANG_WARN_DEPRECATED_OBJC_IMPLEMENTATIONS = YES;
				CLANG_WARN_DIRECT_OBJC_ISA_USAGE = YES_ERROR;
				CLANG_WARN_DOCUMENTATION_COMMENTS = YES;
				CLANG_WARN_EMPTY_BODY = YES;
				CLANG_WARN_ENUM_CONVERSION = YES;
				CLANG_WARN_INFINITE_RECURSION = YES;
				CLANG_WARN_INT_CONVERSION = YES;
				CLANG_WARN_NON_LITERAL_NULL_CONVERSION = YES;
				CLANG_WARN_OBJC_IMPLICIT_RETAIN_SELF = YES;
				CLANG_WARN_OBJC_LITERAL_CONVERSION = YES;
				CLANG_WARN_OBJC_ROOT_CLASS = YES_ERROR;
				CLANG_WARN_RANGE_LOOP_ANALYSIS = YES;
				CLANG_WARN_STRICT_PROTOTYPES = YES;
				CLANG_WARN_SUSPICIOUS_MOVE = YES;
				CLANG_WARN_UNGUARDED_AVAILABILITY = YES_AGGRESSIVE;
				CLANG_WARN_UNREACHABLE_CODE = YES;
				CLANG_WARN__DUPLICATE_METHOD_MATCH = YES;
				COPY_PHASE_STRIP = NO;
				DEBUG_INFORMATION_FORMAT = "dwarf-with-dsym";
				ENABLE_NS_ASSERTIONS = NO;
				ENABLE_STRICT_OBJC_MSGSEND = YES;
				GCC_C_LANGUAGE_STANDARD = gnu11;
				GCC_NO_COMMON_BLOCKS = YES;
				GCC_WARN_64_TO_32_BIT_CONVERSION = YES;
				GCC_WARN_ABOUT_RETURN_TYPE = YES_ERROR;
				GCC_WARN_UNDECLARED_SELECTOR = YES;
				GCC_WARN_UNINITIALIZED_AUTOS = YES_AGGRESSIVE;
				GCC_WARN_UNUSED_FUNCTION = YES;
				GCC_WARN_UNUSED_VARIABLE = YES;
				IPHONEOS_DEPLOYMENT_TARGET = 13.2;
				MTL_ENABLE_DEBUG_INFO = NO;
				MTL_FAST_MATH = YES;
				SDKROOT = iphoneos;
				SWIFT_COMPILATION_MODE = wholemodule;
				SWIFT_OPTIMIZATION_LEVEL = "-O";
				VALIDATE_PRODUCT = YES;
			};
			name = Release;
		};
		20602EEF23D7E48300203DB8 /* Debug */ = {
			isa = XCBuildConfiguration;
			baseConfigurationReference = 1F18CD74A1A2061BBB95CCC2 /* Pods-MVVMC.debug.xcconfig */;
			buildSettings = {
				ASSETCATALOG_COMPILER_APPICON_NAME = AppIcon;
				CODE_SIGN_STYLE = Automatic;
				DEVELOPMENT_TEAM = 66PU5Q9BSZ;
				INFOPLIST_FILE = MVVMC/Info.plist;
				IPHONEOS_DEPLOYMENT_TARGET = 11.0;
				LD_RUNPATH_SEARCH_PATHS = (
					"$(inherited)",
					"@executable_path/Frameworks",
				);
				PRODUCT_BUNDLE_IDENTIFIER = me.evanxlh.MVVMC;
				PRODUCT_NAME = "$(TARGET_NAME)";
				SWIFT_VERSION = 5.0;
				TARGETED_DEVICE_FAMILY = "1,2";
			};
			name = Debug;
		};
		20602EF023D7E48300203DB8 /* Release */ = {
			isa = XCBuildConfiguration;
			baseConfigurationReference = 948FDF74A533CE99CA615DF8 /* Pods-MVVMC.release.xcconfig */;
			buildSettings = {
				ASSETCATALOG_COMPILER_APPICON_NAME = AppIcon;
				CODE_SIGN_STYLE = Automatic;
				DEVELOPMENT_TEAM = 66PU5Q9BSZ;
				INFOPLIST_FILE = MVVMC/Info.plist;
				IPHONEOS_DEPLOYMENT_TARGET = 11.0;
				LD_RUNPATH_SEARCH_PATHS = (
					"$(inherited)",
					"@executable_path/Frameworks",
				);
				PRODUCT_BUNDLE_IDENTIFIER = me.evanxlh.MVVMC;
				PRODUCT_NAME = "$(TARGET_NAME)";
				SWIFT_VERSION = 5.0;
				TARGETED_DEVICE_FAMILY = "1,2";
			};
			name = Release;
		};
/* End XCBuildConfiguration section */

/* Begin XCConfigurationList section */
		20602EBE23D7E43C00203DB8 /* Build configuration list for PBXProject "MVVMC" */ = {
			isa = XCConfigurationList;
			buildConfigurations = (
				20602ED523D7E44000203DB8 /* Debug */,
				20602ED623D7E44000203DB8 /* Release */,
			);
			defaultConfigurationIsVisible = 0;
			defaultConfigurationName = Release;
		};
		20602EF123D7E48300203DB8 /* Build configuration list for PBXNativeTarget "MVVMC" */ = {
			isa = XCConfigurationList;
			buildConfigurations = (
				20602EEF23D7E48300203DB8 /* Debug */,
				20602EF023D7E48300203DB8 /* Release */,
			);
			defaultConfigurationIsVisible = 0;
			defaultConfigurationName = Release;
		};
/* End XCConfigurationList section */
	};
	rootObject = 20602EBB23D7E43C00203DB8 /* Project object */;
}
